
Microsoft Visual Studio Solution File, Format Version 12.00
# Visual Studio Version 17
VisualStudioVersion = 17.5.33502.453
MinimumVisualStudioVersion = 10.0.40219.1
Project("{FAE04EC0-301F-11D3-BF4B-00C04F79EFBC}") = "Lab04", "Lab04\Lab04.csproj", "{EBD5430F-382A-4D88-BE46-3EB4F75FB3FA}"
EndProject
Global
	GlobalSection(SolutionConfigurationPlatforms) = preSolution
		Debug|Any CPU = Debug|Any CPU
		Release|Any CPU = Release|Any CPU
	EndGlobalSection
	GlobalSection(ProjectConfigurationPlatforms) = postSolution
		{EBD5430F-382A-4D88-BE46-3EB4F75FB3FA}.Debug|Any CPU.ActiveCfg = Debug|Any CPU
		{EBD5430F-382A-4D88-BE46-3EB4F75FB3FA}.Debug|Any CPU.Build.0 = Debug|Any CPU
		{EBD5430F-382A-4D88-BE46-3EB4F75FB3FA}.Release|Any CPU.ActiveCfg = Release|Any CPU
		{EBD5430F-382A-4D88-BE46-3EB4F75FB3FA}.Release|Any CPU.Build.0 = Release|Any CPU
	EndGlobalSection
	GlobalSection(SolutionProperties) = preSolution
		HideSolutionNode = FALSE
	EndGlobalSection
	GlobalSection(ExtensibilityGlobals) = postSolution
		SolutionGuid = {81B5DF3E-7BEF-44D8-B6F2-E099F1E96A15}
	EndGlobalSection
EndGlobal
