
Microsoft Visual Studio Solution File, Format Version 12.00
# Visual Studio Version 16
VisualStudioVersion = 16.0.33423.256
MinimumVisualStudioVersion = 10.0.40219.1
Project("{FAE04EC0-301F-11D3-BF4B-00C04F79EFBC}") = "Lab03", "Lab03\Lab03.csproj", "{99C8ED14-E404-4A60-9E65-9785D8C58BA8}"
EndProject
Global
	GlobalSection(SolutionConfigurationPlatforms) = preSolution
		Debug|Any CPU = Debug|Any CPU
		Release|Any CPU = Release|Any CPU
	EndGlobalSection
	GlobalSection(ProjectConfigurationPlatforms) = postSolution
		{99C8ED14-E404-4A60-9E65-9785D8C58BA8}.Debug|Any CPU.ActiveCfg = Debug|Any CPU
		{99C8ED14-E404-4A60-9E65-9785D8C58BA8}.Debug|Any CPU.Build.0 = Debug|Any CPU
		{99C8ED14-E404-4A60-9E65-9785D8C58BA8}.Release|Any CPU.ActiveCfg = Release|Any CPU
		{99C8ED14-E404-4A60-9E65-9785D8C58BA8}.Release|Any CPU.Build.0 = Release|Any CPU
	EndGlobalSection
	GlobalSection(SolutionProperties) = preSolution
		HideSolutionNode = FALSE
	EndGlobalSection
	GlobalSection(ExtensibilityGlobals) = postSolution
		SolutionGuid = {CA8E29EE-3828-4197-9DBC-E08C0026C504}
	EndGlobalSection
EndGlobal
