
Microsoft Visual Studio Solution File, Format Version 12.00
# Visual Studio Version 16
VisualStudioVersion = 16.0.33328.57
MinimumVisualStudioVersion = 10.0.40219.1
Project("{FAE04EC0-301F-11D3-BF4B-00C04F79EFBC}") = "Week04-TCP-Chatroom", "Week04-TCP-Chatroom\Week04-TCP-Chatroom.csproj", "{53F9D770-E849-4C9B-B1E8-67F2C557AB97}"
EndProject
Global
	GlobalSection(SolutionConfigurationPlatforms) = preSolution
		Debug|Any CPU = Debug|Any CPU
		Release|Any CPU = Release|Any CPU
	EndGlobalSection
	GlobalSection(ProjectConfigurationPlatforms) = postSolution
		{53F9D770-E849-4C9B-B1E8-67F2C557AB97}.Debug|Any CPU.ActiveCfg = Debug|Any CPU
		{53F9D770-E849-4C9B-B1E8-67F2C557AB97}.Debug|Any CPU.Build.0 = Debug|Any CPU
		{53F9D770-E849-4C9B-B1E8-67F2C557AB97}.Release|Any CPU.ActiveCfg = Release|Any CPU
		{53F9D770-E849-4C9B-B1E8-67F2C557AB97}.Release|Any CPU.Build.0 = Release|Any CPU
	EndGlobalSection
	GlobalSection(SolutionProperties) = preSolution
		HideSolutionNode = FALSE
	EndGlobalSection
	GlobalSection(ExtensibilityGlobals) = postSolution
		SolutionGuid = {8951881E-2583-4A07-9442-4C8466150763}
	EndGlobalSection
EndGlobal
